// !$*UTF8*$!
{
	archiveVersion = 1;
	classes = {
	};
	objectVersion = 46;
	objects = {

/* Begin PBXBuildFile section */
		485A13DA1ED0D1B300C4A087 /* AppDelegate.swift in Sources */ = {isa = PBXBuildFile; fileRef = 485A13D91ED0D1B300C4A087 /* AppDelegate.swift */; };
		485A13DC1ED0D1B300C4A087 /* RootViewController.swift in Sources */ = {isa = PBXBuildFile; fileRef = 485A13DB1ED0D1B300C4A087 /* RootViewController.swift */; };
		485A13DE1ED0D1B300C4A087 /* DataViewController.swift in Sources */ = {isa = PBXBuildFile; fileRef = 485A13DD1ED0D1B300C4A087 /* DataViewController.swift */; };
		485A13E01ED0D1B300C4A087 /* ModelController.swift in Sources */ = {isa = PBXBuildFile; fileRef = 485A13DF1ED0D1B300C4A087 /* ModelController.swift */; };
		485A13E31ED0D1B300C4A087 /* Main.storyboard in Resources */ = {isa = PBXBuildFile; fileRef = 485A13E11ED0D1B300C4A087 /* Main.storyboard */; };
		485A13E51ED0D1B300C4A087 /* Assets.xcassets in Resources */ = {isa = PBXBuildFile; fileRef = 485A13E41ED0D1B300C4A087 /* Assets.xcassets */; };
		485A13E81ED0D1B300C4A087 /* LaunchScreen.storyboard in Resources */ = {isa = PBXBuildFile; fileRef = 485A13E61ED0D1B300C4A087 /* LaunchScreen.storyboard */; };
/* End PBXBuildFile section */

/* Begin PBXFileReference section */
		485A13D61ED0D1B300C4A087 /* KeenClientExampleSwiftCocoaPods.app */ = {isa = PBXFileReference; explicitFileType = wrapper.application; includeInIndex = 0; path = KeenClientExampleSwiftCocoaPods.app; sourceTree = BUILT_PRODUCTS_DIR; };
		485A13D91ED0D1B300C4A087 /* AppDelegate.swift */ = {isa = PBXFileReference; lastKnownFileType = sourcecode.swift; path = AppDelegate.swift; sourceTree = "<group>"; };
		485A13DB1ED0D1B300C4A087 /* RootViewController.swift */ = {isa = PBXFileReference; lastKnownFileType = sourcecode.swift; path = RootViewController.swift; sourceTree = "<group>"; };
		485A13DD1ED0D1B300C4A087 /* DataViewController.swift */ = {isa = PBXFileReference; lastKnownFileType = sourcecode.swift; path = DataViewController.swift; sourceTree = "<group>"; };
		485A13DF1ED0D1B300C4A087 /* ModelController.swift */ = {isa = PBXFileReference; lastKnownFileType = sourcecode.swift; path = ModelController.swift; sourceTree = "<group>"; };
		485A13E21ED0D1B300C4A087 /* Base */ = {isa = PBXFileReference; lastKnownFileType = file.storyboard; name = Base; path = Base.lproj/Main.storyboard; sourceTree = "<group>"; };
		485A13E41ED0D1B300C4A087 /* Assets.xcassets */ = {isa = PBXFileReference; lastKnownFileType = folder.assetcatalog; path = Assets.xcassets; sourceTree = "<group>"; };
		485A13E71ED0D1B300C4A087 /* Base */ = {isa = PBXFileReference; lastKnownFileType = file.storyboard; name = Base; path = Base.lproj/LaunchScreen.storyboard; sourceTree = "<group>"; };
		485A13E91ED0D1B300C4A087 /* Info.plist */ = {isa = PBXFileReference; lastKnownFileType = text.plist.xml; path = Info.plist; sourceTree = "<group>"; };
/* End PBXFileReference section */

/* Begin PBXFrameworksBuildPhase section */
		485A13D31ED0D1B300C4A087 /* Frameworks */ = {
			isa = PBXFrameworksBuildPhase;
			buildActionMask = 2147483647;
			files = (
			);
			runOnlyForDeploymentPostprocessing = 0;
		};
/* End PBXFrameworksBuildPhase section */

/* Begin PBXGroup section */
		485A13CD1ED0D1B300C4A087 = {
			isa = PBXGroup;
			children = (
				485A13D81ED0D1B300C4A087 /* KeenClientExampleSwiftCocoaPods */,
				485A13D71ED0D1B300C4A087 /* Products */,
			);
			sourceTree = "<group>";
		};
		485A13D71ED0D1B300C4A087 /* Products */ = {
			isa = PBXGroup;
			children = (
				485A13D61ED0D1B300C4A087 /* KeenClientExampleSwiftCocoaPods.app */,
			);
			name = Products;
			sourceTree = "<group>";
		};
		485A13D81ED0D1B300C4A087 /* KeenClientExampleSwiftCocoaPods */ = {
			isa = PBXGroup;
			children = (
				485A13D91ED0D1B300C4A087 /* AppDelegate.swift */,
				485A13DB1ED0D1B300C4A087 /* RootViewController.swift */,
				485A13DD1ED0D1B300C4A087 /* DataViewController.swift */,
				485A13DF1ED0D1B300C4A087 /* ModelController.swift */,
				485A13E11ED0D1B300C4A087 /* Main.storyboard */,
				485A13E41ED0D1B300C4A087 /* Assets.xcassets */,
				485A13E61ED0D1B300C4A087 /* LaunchScreen.storyboard */,
				485A13E91ED0D1B300C4A087 /* Info.plist */,
			);
			path = KeenClientExampleSwiftCocoaPods;
			sourceTree = "<group>";
		};
/* End PBXGroup section */

/* Begin PBXNativeTarget section */
		485A13D51ED0D1B300C4A087 /* KeenClientExampleSwiftCocoaPods */ = {
			isa = PBXNativeTarget;
			buildConfigurationList = 485A13EC1ED0D1B300C4A087 /* Build configuration list for PBXNativeTarget "KeenClientExampleSwiftCocoaPods" */;
			buildPhases = (
				485A13D21ED0D1B300C4A087 /* Sources */,
				485A13D31ED0D1B300C4A087 /* Frameworks */,
				485A13D41ED0D1B300C4A087 /* Resources */,
			);
			buildRules = (
			);
			dependencies = (
			);
			name = KeenClientExampleSwiftCocoaPods;
			productName = KeenClientExampleSwiftCocoaPods;
			productReference = 485A13D61ED0D1B300C4A087 /* KeenClientExampleSwiftCocoaPods.app */;
			productType = "com.apple.product-type.application";
		};
/* End PBXNativeTarget section */

/* Begin PBXProject section */
		485A13CE1ED0D1B300C4A087 /* Project object */ = {
			isa = PBXProject;
			attributes = {
				LastSwiftUpdateCheck = 0830;
				LastUpgradeCheck = 0830;
				ORGANIZATIONNAME = "Keen Labs";
				TargetAttributes = {
					485A13D51ED0D1B300C4A087 = {
						CreatedOnToolsVersion = 8.3.2;
						ProvisioningStyle = Automatic;
					};
				};
			};
			buildConfigurationList = 485A13D11ED0D1B300C4A087 /* Build configuration list for PBXProject "KeenClientExampleSwiftCocoaPods" */;
			compatibilityVersion = "Xcode 3.2";
			developmentRegion = English;
			hasScannedForEncodings = 0;
			knownRegions = (
				en,
				Base,
			);
			mainGroup = 485A13CD1ED0D1B300C4A087;
			productRefGroup = 485A13D71ED0D1B300C4A087 /* Products */;
			projectDirPath = "";
			projectRoot = "";
			targets = (
				485A13D51ED0D1B300C4A087 /* KeenClientExampleSwiftCocoaPods */,
			);
		};
/* End PBXProject section */

/* Begin PBXResourcesBuildPhase section */
		485A13D41ED0D1B300C4A087 /* Resources */ = {
			isa = PBXResourcesBuildPhase;
			buildActionMask = 2147483647;
			files = (
				485A13E81ED0D1B300C4A087 /* LaunchScreen.storyboard in Resources */,
				485A13E51ED0D1B300C4A087 /* Assets.xcassets in Resources */,
				485A13E31ED0D1B300C4A087 /* Main.storyboard in Resources */,
			);
			runOnlyForDeploymentPostprocessing = 0;
		};
/* End PBXResourcesBuildPhase section */

/* Begin PBXSourcesBuildPhase section */
		485A13D21ED0D1B300C4A087 /* Sources */ = {
			isa = PBXSourcesBuildPhase;
			buildActionMask = 2147483647;
			files = (
				485A13DC1ED0D1B300C4A087 /* RootViewController.swift in Sources */,
				485A13E01ED0D1B300C4A087 /* ModelController.swift in Sources */,
				485A13DE1ED0D1B300C4A087 /* DataViewController.swift in Sources */,
				485A13DA1ED0D1B300C4A087 /* AppDelegate.swift in Sources */,
			);
			runOnlyForDeploymentPostprocessing = 0;
		};
/* End PBXSourcesBuildPhase section */

/* Begin PBXVariantGroup section */
		485A13E11ED0D1B300C4A087 /* Main.storyboard */ = {
			isa = PBXVariantGroup;
			children = (
				485A13E21ED0D1B300C4A087 /* Base */,
			);
			name = Main.storyboard;
			sourceTree = "<group>";
		};
		485A13E61ED0D1B300C4A087 /* LaunchScreen.storyboard */ = {
			isa = PBXVariantGroup;
			children = (
				485A13E71ED0D1B300C4A087 /* Base */,
			);
			name = LaunchScreen.storyboard;
			sourceTree = "<group>";
		};
/* End PBXVariantGroup section */

/* Begin XCBuildConfiguration section */
		485A13EA1ED0D1B300C4A087 /* Debug */ = {
			isa = XCBuildConfiguration;
			buildSettings = {
				ALWAYS_SEARCH_USER_PATHS = NO;
				CLANG_ANALYZER_NONNULL = YES;
				CLANG_ANALYZER_NUMBER_OBJECT_CONVERSION = YES_AGGRESSIVE;
				CLANG_CXX_LANGUAGE_STANDARD = "gnu++0x";
				CLANG_CXX_LIBRARY = "libc++";
				CLANG_ENABLE_MODULES = YES;
				CLANG_ENABLE_OBJC_ARC = YES;
				CLANG_WARN_BOOL_CONVERSION = YES;
				CLANG_WARN_CONSTANT_CONVERSION = YES;
				CLANG_WARN_DIRECT_OBJC_ISA_USAGE = YES_ERROR;
				CLANG_WARN_DOCUMENTATION_COMMENTS = YES;
				CLANG_WARN_EMPTY_BODY = YES;
				CLANG_WARN_ENUM_CONVERSION = YES;
				CLANG_WARN_INFINITE_RECURSION = YES;
				CLANG_WARN_INT_CONVERSION = YES;
				CLANG_WARN_OBJC_ROOT_CLASS = YES_ERROR;
				CLANG_WARN_SUSPICIOUS_MOVE = YES;
				CLANG_WARN_UNREACHABLE_CODE = YES;
				CLANG_WARN__DUPLICATE_METHOD_MATCH = YES;
				"CODE_SIGN_IDENTITY[sdk=iphoneos*]" = "iPhone Developer";
				COPY_PHASE_STRIP = NO;
				DEBUG_INFORMATION_FORMAT = dwarf;
				ENABLE_STRICT_OBJC_MSGSEND = YES;
				ENABLE_TESTABILITY = YES;
				GCC_C_LANGUAGE_STANDARD = gnu99;
				GCC_DYNAMIC_NO_PIC = NO;
				GCC_NO_COMMON_BLOCKS = YES;
				GCC_OPTIMIZATION_LEVEL = 0;
				GCC_PREPROCESSOR_DEFINITIONS = (
					"DEBUG=1",
					"$(inherited)",
				);
				GCC_WARN_64_TO_32_BIT_CONVERSION = YES;
				GCC_WARN_ABOUT_RETURN_TYPE = YES_ERROR;
				GCC_WARN_UNDECLARED_SELECTOR = YES;
				GCC_WARN_UNINITIALIZED_AUTOS = YES_AGGRESSIVE;
				GCC_WARN_UNUSED_FUNCTION = YES;
				GCC_WARN_UNUSED_VARIABLE = YES;
				IPHONEOS_DEPLOYMENT_TARGET = 10.3;
				MTL_ENABLE_DEBUG_INFO = YES;
				ONLY_ACTIVE_ARCH = YES;
				SDKROOT = iphoneos;
				SWIFT_ACTIVE_COMPILATION_CONDITIONS = DEBUG;
				SWIFT_OPTIMIZATION_LEVEL = "-Onone";
				TARGETED_DEVICE_FAMILY = "1,2";
			};
			name = Debug;
		};
		485A13EB1ED0D1B300C4A087 /* Release */ = {
			isa = XCBuildConfiguration;
			buildSettings = {
				ALWAYS_SEARCH_USER_PATHS = NO;
				CLANG_ANALYZER_NONNULL = YES;
				CLANG_ANALYZER_NUMBER_OBJECT_CONVERSION = YES_AGGRESSIVE;
				CLANG_CXX_LANGUAGE_STANDARD = "gnu++0x";
				CLANG_CXX_LIBRARY = "libc++";
				CLANG_ENABLE_MODULES = YES;
				CLANG_ENABLE_OBJC_ARC = YES;
				CLANG_WARN_BOOL_CONVERSION = YES;
				CLANG_WARN_CONSTANT_CONVERSION = YES;
				CLANG_WARN_DIRECT_OBJC_ISA_USAGE = YES_ERROR;
				CLANG_WARN_DOCUMENTATION_COMMENTS = YES;
				CLANG_WARN_EMPTY_BODY = YES;
				CLANG_WARN_ENUM_CONVERSION = YES;
				CLANG_WARN_INFINITE_RECURSION = YES;
				CLANG_WARN_INT_CONVERSION = YES;
				CLANG_WARN_OBJC_ROOT_CLASS = YES_ERROR;
				CLANG_WARN_SUSPICIOUS_MOVE = YES;
				CLANG_WARN_UNREACHABLE_CODE = YES;
				CLANG_WARN__DUPLICATE_METHOD_MATCH = YES;
				"CODE_SIGN_IDENTITY[sdk=iphoneos*]" = "iPhone Developer";
				COPY_PHASE_STRIP = NO;
				DEBUG_INFORMATION_FORMAT = "dwarf-with-dsym";
				ENABLE_NS_ASSERTIONS = NO;
				ENABLE_STRICT_OBJC_MSGSEND = YES;
				GCC_C_LANGUAGE_STANDARD = gnu99;
				GCC_NO_COMMON_BLOCKS = YES;
				GCC_WARN_64_TO_32_BIT_CONVERSION = YES;
				GCC_WARN_ABOUT_RETURN_TYPE = YES_ERROR;
				GCC_WARN_UNDECLARED_SELECTOR = YES;
				GCC_WARN_UNINITIALIZED_AUTOS = YES_AGGRESSIVE;
				GCC_WARN_UNUSED_FUNCTION = YES;
				GCC_WARN_UNUSED_VARIABLE = YES;
				IPHONEOS_DEPLOYMENT_TARGET = 10.3;
				MTL_ENABLE_DEBUG_INFO = NO;
				SDKROOT = iphoneos;
				SWIFT_OPTIMIZATION_LEVEL = "-Owholemodule";
				TARGETED_DEVICE_FAMILY = "1,2";
				VALIDATE_PRODUCT = YES;
			};
			name = Release;
		};
		485A13ED1ED0D1B300C4A087 /* Debug */ = {
			isa = XCBuildConfiguration;
			buildSettings = {
				ASSETCATALOG_COMPILER_APPICON_NAME = AppIcon;
				INFOPLIST_FILE = KeenClientExampleSwiftCocoaPods/Info.plist;
				LD_RUNPATH_SEARCH_PATHS = "$(inherited) @executable_path/Frameworks";
				PRODUCT_BUNDLE_IDENTIFIER = io.keen.KeenClientExampleSwiftCocoaPods;
				PRODUCT_NAME = "$(TARGET_NAME)";
				SWIFT_VERSION = 3.0;
			};
			name = Debug;
		};
		485A13EE1ED0D1B300C4A087 /* Release */ = {
			isa = XCBuildConfiguration;
			buildSettings = {
				ASSETCATALOG_COMPILER_APPICON_NAME = AppIcon;
				INFOPLIST_FILE = KeenClientExampleSwiftCocoaPods/Info.plist;
				LD_RUNPATH_SEARCH_PATHS = "$(inherited) @executable_path/Frameworks";
				PRODUCT_BUNDLE_IDENTIFIER = io.keen.KeenClientExampleSwiftCocoaPods;
				PRODUCT_NAME = "$(TARGET_NAME)";
				SWIFT_VERSION = 3.0;
			};
			name = Release;
		};
/* End XCBuildConfiguration section */

/* Begin XCConfigurationList section */
		485A13D11ED0D1B300C4A087 /* Build configuration list for PBXProject "KeenClientExampleSwiftCocoaPods" */ = {
			isa = XCConfigurationList;
			buildConfigurations = (
				485A13EA1ED0D1B300C4A087 /* Debug */,
				485A13EB1ED0D1B300C4A087 /* Release */,
			);
			defaultConfigurationIsVisible = 0;
			defaultConfigurationName = Release;
		};
		485A13EC1ED0D1B300C4A087 /* Build configuration list for PBXNativeTarget "KeenClientExampleSwiftCocoaPods" */ = {
			isa = XCConfigurationList;
			buildConfigurations = (
				485A13ED1ED0D1B300C4A087 /* Debug */,
				485A13EE1ED0D1B300C4A087 /* Release */,
			);
			defaultConfigurationIsVisible = 0;
		};
/* End XCConfigurationList section */
	};
	rootObject = 485A13CE1ED0D1B300C4A087 /* Project object */;
}
