// !$*UTF8*$!
{
	archiveVersion = 1;
	classes = {
	};
	objectVersion = 46;
	objects = {

/* Begin PBXBuildFile section */
		485A138D1ECF9FD800C4A087 /* Assets.xcassets in Resources */ = {isa = PBXBuildFile; fileRef = 485A138C1ECF9FD800C4A087 /* Assets.xcassets */; };
		485A13901ECF9FD800C4A087 /* LaunchScreen.storyboard in Resources */ = {isa = PBXBuildFile; fileRef = 485A138E1ECF9FD800C4A087 /* LaunchScreen.storyboard */; };
		485A13A91ECFA01C00C4A087 /* AppDelegate.m in Sources */ = {isa = PBXBuildFile; fileRef = 485A13981ECFA01C00C4A087 /* AppDelegate.m */; };
		485A13AA1ECFA01C00C4A087 /* first.png in Resources */ = {isa = PBXBuildFile; fileRef = 485A13991ECFA01C00C4A087 /* first.png */; };
		485A13AB1ECFA01C00C4A087 /* first@2x.png in Resources */ = {isa = PBXBuildFile; fileRef = 485A139A1ECFA01C00C4A087 /* first@2x.png */; };
		485A13AC1ECFA01C00C4A087 /* FirstViewController.m in Sources */ = {isa = PBXBuildFile; fileRef = 485A139C1ECFA01C00C4A087 /* FirstViewController.m */; };
		485A13AD1ECFA01C00C4A087 /* FirstViewController.xib in Resources */ = {isa = PBXBuildFile; fileRef = 485A139D1ECFA01C00C4A087 /* FirstViewController.xib */; };
		485A13AE1ECFA01C00C4A087 /* main.m in Sources */ = {isa = PBXBuildFile; fileRef = 485A139E1ECFA01C00C4A087 /* main.m */; };
		485A13AF1ECFA01C00C4A087 /* second.png in Resources */ = {isa = PBXBuildFile; fileRef = 485A139F1ECFA01C00C4A087 /* second.png */; };
		485A13B01ECFA01C00C4A087 /* second@2x.png in Resources */ = {isa = PBXBuildFile; fileRef = 485A13A01ECFA01C00C4A087 /* second@2x.png */; };
		485A13B11ECFA01C00C4A087 /* SecondViewController.m in Sources */ = {isa = PBXBuildFile; fileRef = 485A13A21ECFA01C00C4A087 /* SecondViewController.m */; };
		485A13B21ECFA01C00C4A087 /* SecondViewController.xib in Resources */ = {isa = PBXBuildFile; fileRef = 485A13A31ECFA01C00C4A087 /* SecondViewController.xib */; };
		485A13B31ECFA01C00C4A087 /* third.png in Resources */ = {isa = PBXBuildFile; fileRef = 485A13A41ECFA01C00C4A087 /* third.png */; };
		485A13B41ECFA01C00C4A087 /* third@2x.png in Resources */ = {isa = PBXBuildFile; fileRef = 485A13A51ECFA01C00C4A087 /* third@2x.png */; };
		485A13B51ECFA01C00C4A087 /* ThirdViewController.m in Sources */ = {isa = PBXBuildFile; fileRef = 485A13A71ECFA01C00C4A087 /* ThirdViewController.m */; };
		485A13B61ECFA01C00C4A087 /* ThirdViewController.xib in Resources */ = {isa = PBXBuildFile; fileRef = 485A13A81ECFA01C00C4A087 /* ThirdViewController.xib */; };
		485A13B81ECFAA8C00C4A087 /* KeenClient.framework in Frameworks */ = {isa = PBXBuildFile; fileRef = 485A13B71ECFAA8C00C4A087 /* KeenClient.framework */; };
		485A13B91ECFAA8C00C4A087 /* KeenClient.framework in Embed Frameworks */ = {isa = PBXBuildFile; fileRef = 485A13B71ECFAA8C00C4A087 /* KeenClient.framework */; settings = {ATTRIBUTES = (CodeSignOnCopy, RemoveHeadersOnCopy, ); }; };
/* End PBXBuildFile section */

/* Begin PBXCopyFilesBuildPhase section */
		485A13BA1ECFAA8C00C4A087 /* Embed Frameworks */ = {
			isa = PBXCopyFilesBuildPhase;
			buildActionMask = 2147483647;
			dstPath = "";
			dstSubfolderSpec = 10;
			files = (
				485A13B91ECFAA8C00C4A087 /* KeenClient.framework in Embed Frameworks */,
			);
			name = "Embed Frameworks";
			runOnlyForDeploymentPostprocessing = 0;
		};
/* End PBXCopyFilesBuildPhase section */

/* Begin PBXFileReference section */
		485A13771ECF9FD800C4A087 /* KeenClientExampleObjCCarthage.app */ = {isa = PBXFileReference; explicitFileType = wrapper.application; includeInIndex = 0; path = KeenClientExampleObjCCarthage.app; sourceTree = BUILT_PRODUCTS_DIR; };
		485A138C1ECF9FD800C4A087 /* Assets.xcassets */ = {isa = PBXFileReference; lastKnownFileType = folder.assetcatalog; path = Assets.xcassets; sourceTree = "<group>"; };
		485A138F1ECF9FD800C4A087 /* Base */ = {isa = PBXFileReference; lastKnownFileType = file.storyboard; name = Base; path = Base.lproj/LaunchScreen.storyboard; sourceTree = "<group>"; };
		485A13911ECF9FD800C4A087 /* Info.plist */ = {isa = PBXFileReference; lastKnownFileType = text.plist.xml; path = Info.plist; sourceTree = "<group>"; };
		485A13971ECFA01C00C4A087 /* AppDelegate.h */ = {isa = PBXFileReference; fileEncoding = 4; lastKnownFileType = sourcecode.c.h; name = AppDelegate.h; path = ../../common/AppDelegate.h; sourceTree = "<group>"; };
		485A13981ECFA01C00C4A087 /* AppDelegate.m */ = {isa = PBXFileReference; fileEncoding = 4; lastKnownFileType = sourcecode.c.objc; name = AppDelegate.m; path = ../../common/AppDelegate.m; sourceTree = "<group>"; };
		485A13991ECFA01C00C4A087 /* first.png */ = {isa = PBXFileReference; lastKnownFileType = image.png; name = first.png; path = ../../common/first.png; sourceTree = "<group>"; };
		485A139A1ECFA01C00C4A087 /* first@2x.png */ = {isa = PBXFileReference; lastKnownFileType = image.png; name = "first@2x.png"; path = "../../common/first@2x.png"; sourceTree = "<group>"; };
		485A139B1ECFA01C00C4A087 /* FirstViewController.h */ = {isa = PBXFileReference; fileEncoding = 4; lastKnownFileType = sourcecode.c.h; name = FirstViewController.h; path = ../../common/FirstViewController.h; sourceTree = "<group>"; };
		485A139C1ECFA01C00C4A087 /* FirstViewController.m */ = {isa = PBXFileReference; fileEncoding = 4; lastKnownFileType = sourcecode.c.objc; name = FirstViewController.m; path = ../../common/FirstViewController.m; sourceTree = "<group>"; };
		485A139D1ECFA01C00C4A087 /* FirstViewController.xib */ = {isa = PBXFileReference; fileEncoding = 4; lastKnownFileType = file.xib; name = FirstViewController.xib; path = ../../common/FirstViewController.xib; sourceTree = "<group>"; };
		485A139E1ECFA01C00C4A087 /* main.m */ = {isa = PBXFileReference; fileEncoding = 4; lastKnownFileType = sourcecode.c.objc; name = main.m; path = ../../common/main.m; sourceTree = "<group>"; };
		485A139F1ECFA01C00C4A087 /* second.png */ = {isa = PBXFileReference; lastKnownFileType = image.png; name = second.png; path = ../../common/second.png; sourceTree = "<group>"; };
		485A13A01ECFA01C00C4A087 /* second@2x.png */ = {isa = PBXFileReference; lastKnownFileType = image.png; name = "second@2x.png"; path = "../../common/second@2x.png"; sourceTree = "<group>"; };
		485A13A11ECFA01C00C4A087 /* SecondViewController.h */ = {isa = PBXFileReference; fileEncoding = 4; lastKnownFileType = sourcecode.c.h; name = SecondViewController.h; path = ../../common/SecondViewController.h; sourceTree = "<group>"; };
		485A13A21ECFA01C00C4A087 /* SecondViewController.m */ = {isa = PBXFileReference; fileEncoding = 4; lastKnownFileType = sourcecode.c.objc; name = SecondViewController.m; path = ../../common/SecondViewController.m; sourceTree = "<group>"; };
		485A13A31ECFA01C00C4A087 /* SecondViewController.xib */ = {isa = PBXFileReference; fileEncoding = 4; lastKnownFileType = file.xib; name = SecondViewController.xib; path = ../../common/SecondViewController.xib; sourceTree = "<group>"; };
		485A13A41ECFA01C00C4A087 /* third.png */ = {isa = PBXFileReference; lastKnownFileType = image.png; name = third.png; path = ../../common/third.png; sourceTree = "<group>"; };
		485A13A51ECFA01C00C4A087 /* third@2x.png */ = {isa = PBXFileReference; lastKnownFileType = image.png; name = "third@2x.png"; path = "../../common/third@2x.png"; sourceTree = "<group>"; };
		485A13A61ECFA01C00C4A087 /* ThirdViewController.h */ = {isa = PBXFileReference; fileEncoding = 4; lastKnownFileType = sourcecode.c.h; name = ThirdViewController.h; path = ../../common/ThirdViewController.h; sourceTree = "<group>"; };
		485A13A71ECFA01C00C4A087 /* ThirdViewController.m */ = {isa = PBXFileReference; fileEncoding = 4; lastKnownFileType = sourcecode.c.objc; name = ThirdViewController.m; path = ../../common/ThirdViewController.m; sourceTree = "<group>"; };
		485A13A81ECFA01C00C4A087 /* ThirdViewController.xib */ = {isa = PBXFileReference; fileEncoding = 4; lastKnownFileType = file.xib; name = ThirdViewController.xib; path = ../../common/ThirdViewController.xib; sourceTree = "<group>"; };
		485A13B71ECFAA8C00C4A087 /* KeenClient.framework */ = {isa = PBXFileReference; lastKnownFileType = wrapper.framework; name = KeenClient.framework; path = Carthage/Build/iOS/KeenClient.framework; sourceTree = "<group>"; };
/* End PBXFileReference section */

/* Begin PBXFrameworksBuildPhase section */
		485A13741ECF9FD800C4A087 /* Frameworks */ = {
			isa = PBXFrameworksBuildPhase;
			buildActionMask = 2147483647;
			files = (
				485A13B81ECFAA8C00C4A087 /* KeenClient.framework in Frameworks */,
			);
			runOnlyForDeploymentPostprocessing = 0;
		};
/* End PBXFrameworksBuildPhase section */

/* Begin PBXGroup section */
		485A136E1ECF9FD800C4A087 = {
			isa = PBXGroup;
			children = (
				485A13B71ECFAA8C00C4A087 /* KeenClient.framework */,
				485A13791ECF9FD800C4A087 /* KeenClientExampleObjCCarthage */,
				485A13781ECF9FD800C4A087 /* Products */,
			);
			sourceTree = "<group>";
		};
		485A13781ECF9FD800C4A087 /* Products */ = {
			isa = PBXGroup;
			children = (
				485A13771ECF9FD800C4A087 /* KeenClientExampleObjCCarthage.app */,
			);
			name = Products;
			sourceTree = "<group>";
		};
		485A13791ECF9FD800C4A087 /* KeenClientExampleObjCCarthage */ = {
			isa = PBXGroup;
			children = (
				485A13971ECFA01C00C4A087 /* AppDelegate.h */,
				485A13981ECFA01C00C4A087 /* AppDelegate.m */,
				485A139B1ECFA01C00C4A087 /* FirstViewController.h */,
				485A139C1ECFA01C00C4A087 /* FirstViewController.m */,
				485A13A11ECFA01C00C4A087 /* SecondViewController.h */,
				485A13A21ECFA01C00C4A087 /* SecondViewController.m */,
				485A13A61ECFA01C00C4A087 /* ThirdViewController.h */,
				485A13A71ECFA01C00C4A087 /* ThirdViewController.m */,
				485A139D1ECFA01C00C4A087 /* FirstViewController.xib */,
				485A13A31ECFA01C00C4A087 /* SecondViewController.xib */,
				485A13A81ECFA01C00C4A087 /* ThirdViewController.xib */,
				485A13991ECFA01C00C4A087 /* first.png */,
				485A139A1ECFA01C00C4A087 /* first@2x.png */,
				485A139F1ECFA01C00C4A087 /* second.png */,
				485A13A01ECFA01C00C4A087 /* second@2x.png */,
				485A13A41ECFA01C00C4A087 /* third.png */,
				485A13A51ECFA01C00C4A087 /* third@2x.png */,
				485A138C1ECF9FD800C4A087 /* Assets.xcassets */,
				485A138E1ECF9FD800C4A087 /* LaunchScreen.storyboard */,
				485A137A1ECF9FD800C4A087 /* Supporting Files */,
			);
			path = KeenClientExampleObjCCarthage;
			sourceTree = "<group>";
		};
		485A137A1ECF9FD800C4A087 /* Supporting Files */ = {
			isa = PBXGroup;
			children = (
				485A13911ECF9FD800C4A087 /* Info.plist */,
				485A139E1ECFA01C00C4A087 /* main.m */,
			);
			name = "Supporting Files";
			sourceTree = "<group>";
		};
/* End PBXGroup section */

/* Begin PBXNativeTarget section */
		485A13761ECF9FD800C4A087 /* KeenClientExampleObjCCarthage */ = {
			isa = PBXNativeTarget;
			buildConfigurationList = 485A13941ECF9FD800C4A087 /* Build configuration list for PBXNativeTarget "KeenClientExampleObjCCarthage" */;
			buildPhases = (
				485A13731ECF9FD800C4A087 /* Sources */,
				485A13741ECF9FD800C4A087 /* Frameworks */,
				485A13751ECF9FD800C4A087 /* Resources */,
				485A13BA1ECFAA8C00C4A087 /* Embed Frameworks */,
				485A13BC1ECFAAC700C4A087 /* ShellScript */,
			);
			buildRules = (
			);
			dependencies = (
			);
			name = KeenClientExampleObjCCarthage;
			productName = KeenClientExampleObjCCarthage;
			productReference = 485A13771ECF9FD800C4A087 /* KeenClientExampleObjCCarthage.app */;
			productType = "com.apple.product-type.application";
		};
/* End PBXNativeTarget section */

/* Begin PBXProject section */
		485A136F1ECF9FD800C4A087 /* Project object */ = {
			isa = PBXProject;
			attributes = {
				LastUpgradeCheck = 0830;
				ORGANIZATIONNAME = "Keen Labs";
				TargetAttributes = {
					485A13761ECF9FD800C4A087 = {
						CreatedOnToolsVersion = 8.3.2;
						ProvisioningStyle = Automatic;
					};
				};
			};
			buildConfigurationList = 485A13721ECF9FD800C4A087 /* Build configuration list for PBXProject "KeenClientExampleObjCCarthage" */;
			compatibilityVersion = "Xcode 3.2";
			developmentRegion = English;
			hasScannedForEncodings = 0;
			knownRegions = (
				en,
				Base,
			);
			mainGroup = 485A136E1ECF9FD800C4A087;
			productRefGroup = 485A13781ECF9FD800C4A087 /* Products */;
			projectDirPath = "";
			projectRoot = "";
			targets = (
				485A13761ECF9FD800C4A087 /* KeenClientExampleObjCCarthage */,
			);
		};
/* End PBXProject section */

/* Begin PBXResourcesBuildPhase section */
		485A13751ECF9FD800C4A087 /* Resources */ = {
			isa = PBXResourcesBuildPhase;
			buildActionMask = 2147483647;
			files = (
				485A13AA1ECFA01C00C4A087 /* first.png in Resources */,
				485A13B01ECFA01C00C4A087 /* second@2x.png in Resources */,
				485A13AD1ECFA01C00C4A087 /* FirstViewController.xib in Resources */,
				485A13AB1ECFA01C00C4A087 /* first@2x.png in Resources */,
				485A13B61ECFA01C00C4A087 /* ThirdViewController.xib in Resources */,
				485A13B21ECFA01C00C4A087 /* SecondViewController.xib in Resources */,
				485A13AF1ECFA01C00C4A087 /* second.png in Resources */,
				485A13901ECF9FD800C4A087 /* LaunchScreen.storyboard in Resources */,
				485A138D1ECF9FD800C4A087 /* Assets.xcassets in Resources */,
				485A13B41ECFA01C00C4A087 /* third@2x.png in Resources */,
				485A13B31ECFA01C00C4A087 /* third.png in Resources */,
			);
			runOnlyForDeploymentPostprocessing = 0;
		};
/* End PBXResourcesBuildPhase section */

/* Begin PBXShellScriptBuildPhase section */
		485A13BC1ECFAAC700C4A087 /* ShellScript */ = {
			isa = PBXShellScriptBuildPhase;
			buildActionMask = 2147483647;
			files = (
			);
			inputPaths = (
			);
			outputPaths = (
			);
			runOnlyForDeploymentPostprocessing = 0;
			shellPath = /bin/sh;
			shellScript = "/usr/local/bin/carthage copy-frameworks";
		};
/* End PBXShellScriptBuildPhase section */

/* Begin PBXSourcesBuildPhase section */
		485A13731ECF9FD800C4A087 /* Sources */ = {
			isa = PBXSourcesBuildPhase;
			buildActionMask = 2147483647;
			files = (
				485A13B11ECFA01C00C4A087 /* SecondViewController.m in Sources */,
				485A13B51ECFA01C00C4A087 /* ThirdViewController.m in Sources */,
				485A13A91ECFA01C00C4A087 /* AppDelegate.m in Sources */,
				485A13AE1ECFA01C00C4A087 /* main.m in Sources */,
				485A13AC1ECFA01C00C4A087 /* FirstViewController.m in Sources */,
			);
			runOnlyForDeploymentPostprocessing = 0;
		};
/* End PBXSourcesBuildPhase section */

/* Begin PBXVariantGroup section */
		485A138E1ECF9FD800C4A087 /* LaunchScreen.storyboard */ = {
			isa = PBXVariantGroup;
			children = (
				485A138F1ECF9FD800C4A087 /* Base */,
			);
			name = LaunchScreen.storyboard;
			sourceTree = "<group>";
		};
/* End PBXVariantGroup section */

/* Begin XCBuildConfiguration section */
		485A13921ECF9FD800C4A087 /* Debug */ = {
			isa = XCBuildConfiguration;
			buildSettings = {
				ALWAYS_SEARCH_USER_PATHS = NO;
				CLANG_ANALYZER_NONNULL = YES;
				CLANG_ANALYZER_NUMBER_OBJECT_CONVERSION = YES_AGGRESSIVE;
				CLANG_CXX_LANGUAGE_STANDARD = "gnu++0x";
				CLANG_CXX_LIBRARY = "libc++";
				CLANG_ENABLE_MODULES = YES;
				CLANG_ENABLE_OBJC_ARC = YES;
				CLANG_WARN_BOOL_CONVERSION = YES;
				CLANG_WARN_CONSTANT_CONVERSION = YES;
				CLANG_WARN_DIRECT_OBJC_ISA_USAGE = YES_ERROR;
				CLANG_WARN_DOCUMENTATION_COMMENTS = YES;
				CLANG_WARN_EMPTY_BODY = YES;
				CLANG_WARN_ENUM_CONVERSION = YES;
				CLANG_WARN_INFINITE_RECURSION = YES;
				CLANG_WARN_INT_CONVERSION = YES;
				CLANG_WARN_OBJC_ROOT_CLASS = YES_ERROR;
				CLANG_WARN_SUSPICIOUS_MOVE = YES;
				CLANG_WARN_UNREACHABLE_CODE = YES;
				CLANG_WARN__DUPLICATE_METHOD_MATCH = YES;
				"CODE_SIGN_IDENTITY[sdk=iphoneos*]" = "iPhone Developer";
				COPY_PHASE_STRIP = NO;
				DEBUG_INFORMATION_FORMAT = dwarf;
				ENABLE_STRICT_OBJC_MSGSEND = YES;
				ENABLE_TESTABILITY = YES;
				GCC_C_LANGUAGE_STANDARD = gnu99;
				GCC_DYNAMIC_NO_PIC = NO;
				GCC_NO_COMMON_BLOCKS = YES;
				GCC_OPTIMIZATION_LEVEL = 0;
				GCC_PREPROCESSOR_DEFINITIONS = (
					"DEBUG=1",
					"$(inherited)",
				);
				GCC_WARN_64_TO_32_BIT_CONVERSION = YES;
				GCC_WARN_ABOUT_RETURN_TYPE = YES_ERROR;
				GCC_WARN_UNDECLARED_SELECTOR = YES;
				GCC_WARN_UNINITIALIZED_AUTOS = YES_AGGRESSIVE;
				GCC_WARN_UNUSED_FUNCTION = YES;
				GCC_WARN_UNUSED_VARIABLE = YES;
				IPHONEOS_DEPLOYMENT_TARGET = 10.3;
				MTL_ENABLE_DEBUG_INFO = YES;
				ONLY_ACTIVE_ARCH = YES;
				SDKROOT = iphoneos;
				TARGETED_DEVICE_FAMILY = "1,2";
			};
			name = Debug;
		};
		485A13931ECF9FD800C4A087 /* Release */ = {
			isa = XCBuildConfiguration;
			buildSettings = {
				ALWAYS_SEARCH_USER_PATHS = NO;
				CLANG_ANALYZER_NONNULL = YES;
				CLANG_ANALYZER_NUMBER_OBJECT_CONVERSION = YES_AGGRESSIVE;
				CLANG_CXX_LANGUAGE_STANDARD = "gnu++0x";
				CLANG_CXX_LIBRARY = "libc++";
				CLANG_ENABLE_MODULES = YES;
				CLANG_ENABLE_OBJC_ARC = YES;
				CLANG_WARN_BOOL_CONVERSION = YES;
				CLANG_WARN_CONSTANT_CONVERSION = YES;
				CLANG_WARN_DIRECT_OBJC_ISA_USAGE = YES_ERROR;
				CLANG_WARN_DOCUMENTATION_COMMENTS = YES;
				CLANG_WARN_EMPTY_BODY = YES;
				CLANG_WARN_ENUM_CONVERSION = YES;
				CLANG_WARN_INFINITE_RECURSION = YES;
				CLANG_WARN_INT_CONVERSION = YES;
				CLANG_WARN_OBJC_ROOT_CLASS = YES_ERROR;
				CLANG_WARN_SUSPICIOUS_MOVE = YES;
				CLANG_WARN_UNREACHABLE_CODE = YES;
				CLANG_WARN__DUPLICATE_METHOD_MATCH = YES;
				"CODE_SIGN_IDENTITY[sdk=iphoneos*]" = "iPhone Developer";
				COPY_PHASE_STRIP = NO;
				DEBUG_INFORMATION_FORMAT = "dwarf-with-dsym";
				ENABLE_NS_ASSERTIONS = NO;
				ENABLE_STRICT_OBJC_MSGSEND = YES;
				GCC_C_LANGUAGE_STANDARD = gnu99;
				GCC_NO_COMMON_BLOCKS = YES;
				GCC_WARN_64_TO_32_BIT_CONVERSION = YES;
				GCC_WARN_ABOUT_RETURN_TYPE = YES_ERROR;
				GCC_WARN_UNDECLARED_SELECTOR = YES;
				GCC_WARN_UNINITIALIZED_AUTOS = YES_AGGRESSIVE;
				GCC_WARN_UNUSED_FUNCTION = YES;
				GCC_WARN_UNUSED_VARIABLE = YES;
				IPHONEOS_DEPLOYMENT_TARGET = 10.3;
				MTL_ENABLE_DEBUG_INFO = NO;
				SDKROOT = iphoneos;
				TARGETED_DEVICE_FAMILY = "1,2";
				VALIDATE_PRODUCT = YES;
			};
			name = Release;
		};
		485A13951ECF9FD800C4A087 /* Debug */ = {
			isa = XCBuildConfiguration;
			buildSettings = {
				ASSETCATALOG_COMPILER_APPICON_NAME = AppIcon;
				FRAMEWORK_SEARCH_PATHS = (
					"$(inherited)",
					"$(PROJECT_DIR)/Carthage/Build/iOS",
				);
				INFOPLIST_FILE = KeenClientExampleObjCCarthage/Info.plist;
				LD_RUNPATH_SEARCH_PATHS = "$(inherited) @executable_path/Frameworks";
				PRODUCT_BUNDLE_IDENTIFIER = io.keen.KeenClientExampleObjCCarthage;
				PRODUCT_NAME = "$(TARGET_NAME)";
			};
			name = Debug;
		};
		485A13961ECF9FD800C4A087 /* Release */ = {
			isa = XCBuildConfiguration;
			buildSettings = {
				ASSETCATALOG_COMPILER_APPICON_NAME = AppIcon;
				FRAMEWORK_SEARCH_PATHS = (
					"$(inherited)",
					"$(PROJECT_DIR)/Carthage/Build/iOS",
				);
				INFOPLIST_FILE = KeenClientExampleObjCCarthage/Info.plist;
				LD_RUNPATH_SEARCH_PATHS = "$(inherited) @executable_path/Frameworks";
				PRODUCT_BUNDLE_IDENTIFIER = io.keen.KeenClientExampleObjCCarthage;
				PRODUCT_NAME = "$(TARGET_NAME)";
			};
			name = Release;
		};
/* End XCBuildConfiguration section */

/* Begin XCConfigurationList section */
		485A13721ECF9FD800C4A087 /* Build configuration list for PBXProject "KeenClientExampleObjCCarthage" */ = {
			isa = XCConfigurationList;
			buildConfigurations = (
				485A13921ECF9FD800C4A087 /* Debug */,
				485A13931ECF9FD800C4A087 /* Release */,
			);
			defaultConfigurationIsVisible = 0;
			defaultConfigurationName = Release;
		};
		485A13941ECF9FD800C4A087 /* Build configuration list for PBXNativeTarget "KeenClientExampleObjCCarthage" */ = {
			isa = XCConfigurationList;
			buildConfigurations = (
				485A13951ECF9FD800C4A087 /* Debug */,
				485A13961ECF9FD800C4A087 /* Release */,
			);
			defaultConfigurationIsVisible = 0;
		};
/* End XCConfigurationList section */
	};
	rootObject = 485A136F1ECF9FD800C4A087 /* Project object */;
}
