PODS:
  - KeenClient (3.6.1):
    - KeenClient/keen_sqlite (= 3.6.1)
  - KeenClient/keen_sqlite (3.6.1)

DEPENDENCIES:
  - KeenClient (from `../../..`)

EXTERNAL SOURCES:
  KeenClient:
    :branch: update_examples
    :path: "../../.."

SPEC CHECKSUMS:
  KeenClient: 39116dbab1f24ecad8b573c6f46ebe65e772fb71

PODFILE CHECKSUM: fdfe05bd71f7b209cd7313e29aa5f84e4c1af428

COCOAPODS: 1.2.1
